
Microsoft Visual Studio Solution File, Format Version 12.00
# Visual Studio Version 17
VisualStudioVersion = 17.11.35312.102
MinimumVisualStudioVersion = 10.0.40219.1
Project("{FAE04EC0-301F-11D3-BF4B-00C04F79EFBC}") = "IsGenuine", "IsGenuine.csproj", "{8DEE4F3A-72B5-4E1C-96A1-5E45F787A2AA}"
EndProject
Global
	GlobalSection(SolutionConfigurationPlatforms) = preSolution
		Debug|Any CPU = Debug|Any CPU
		Release|Any CPU = Release|Any CPU
	EndGlobalSection
	GlobalSection(ProjectConfigurationPlatforms) = postSolution
		{8DEE4F3A-72B5-4E1C-96A1-5E45F787A2AA}.Debug|Any CPU.ActiveCfg = Debug|Any CPU
		{8DEE4F3A-72B5-4E1C-96A1-5E45F787A2AA}.Debug|Any CPU.Build.0 = Debug|Any CPU
		{8DEE4F3A-72B5-4E1C-96A1-5E45F787A2AA}.Release|Any CPU.ActiveCfg = Release|Any CPU
		{8DEE4F3A-72B5-4E1C-96A1-5E45F787A2AA}.Release|Any CPU.Build.0 = Release|Any CPU
	EndGlobalSection
	GlobalSection(SolutionProperties) = preSolution
		HideSolutionNode = FALSE
	EndGlobalSection
	GlobalSection(ExtensibilityGlobals) = postSolution
		SolutionGuid = {50A12B42-61B1-4DD8-AA15-40B7EA16A67A}
	EndGlobalSection
EndGlobal
